
Microsoft Visual Studio Solution File, Format Version 12.00
# Visual Studio Version 17
VisualStudioVersion = 17.4.33110.190
MinimumVisualStudioVersion = 10.0.40219.1
Project("{E24C65DC-7377-472B-9ABA-BC803B73C61A}") = "Digi195", ".", "{1263292F-3F49-429F-8BE6-C2E321A4B9B5}"
	ProjectSection(WebsiteProperties) = preProject
		TargetFrameworkMoniker = ".NETFramework,Version%3Dv4.7.2"
		Debug.AspNetCompiler.VirtualPath = "/localhost_50367"
		Debug.AspNetCompiler.PhysicalPath = "D:\codetrx-Laptop\CodeTrex\Projects\Digi195\Digi195\"
		Debug.AspNetCompiler.TargetPath = "PrecompiledWeb\localhost_50367\"
		Debug.AspNetCompiler.Updateable = "true"
		Debug.AspNetCompiler.ForceOverwrite = "true"
		Debug.AspNetCompiler.FixedNames = "false"
		Debug.AspNetCompiler.Debug = "True"
		Release.AspNetCompiler.VirtualPath = "/localhost_50367"
		Release.AspNetCompiler.PhysicalPath = "D:\codetrx-Laptop\CodeTrex\Projects\Digi195\Digi195\"
		Release.AspNetCompiler.TargetPath = "PrecompiledWeb\localhost_50367\"
		Release.AspNetCompiler.Updateable = "true"
		Release.AspNetCompiler.ForceOverwrite = "true"
		Release.AspNetCompiler.FixedNames = "false"
		Release.AspNetCompiler.Debug = "False"
		VWDPort = "50367"
	EndProjectSection
EndProject
Global
	GlobalSection(SolutionConfigurationPlatforms) = preSolution
		Debug|Any CPU = Debug|Any CPU
	EndGlobalSection
	GlobalSection(ProjectConfigurationPlatforms) = postSolution
		{1263292F-3F49-429F-8BE6-C2E321A4B9B5}.Debug|Any CPU.ActiveCfg = Debug|Any CPU
		{1263292F-3F49-429F-8BE6-C2E321A4B9B5}.Debug|Any CPU.Build.0 = Debug|Any CPU
	EndGlobalSection
	GlobalSection(SolutionProperties) = preSolution
		HideSolutionNode = FALSE
	EndGlobalSection
	GlobalSection(ExtensibilityGlobals) = postSolution
		SolutionGuid = {69EC4806-54BE-4E79-94FB-64B7283694D8}
	EndGlobalSection
EndGlobal
